
Microsoft Visual Studio Solution File, Format Version 12.00
# Visual Studio Version 16
VisualStudioVersion = 16.0.31005.135
MinimumVisualStudioVersion = 10.0.40219.1
Project("{FAE04EC0-301F-11D3-BF4B-00C04F79EFBC}") = "001_HelloWorld", "001_HelloWorld\001_HelloWorld.csproj", "{457726A6-4AD0-4F65-8B1E-AE18B6116668}"
EndProject
Project("{FAE04EC0-301F-11D3-BF4B-00C04F79EFBC}") = "002_HelloWorld2", "002_HelloWorld2\002_HelloWorld2.csproj", "{4B6F44C8-1596-481F-A334-A31D49EFE841}"
EndProject
Project("{FAE04EC0-301F-11D3-BF4B-00C04F79EFBC}") = "003_HelloWorld3", "0033_HelloWorld3\003_HelloWorld3.csproj", "{73AC5075-FD00-49C0-A01B-009CD55BE80D}"
EndProject
Project("{FAE04EC0-301F-11D3-BF4B-00C04F79EFBC}") = "004_Check", "004_Check\004_Check.csproj", "{1F5985ED-06D7-42CA-8E7B-457F6397BB29}"
EndProject
Project("{FAE04EC0-301F-11D3-BF4B-00C04F79EFBC}") = "005_Check", "005_Check\005_Check.csproj", "{782328D9-F91E-4675-8CD5-685F8BEFBD3C}"
EndProject
Project("{FAE04EC0-301F-11D3-BF4B-00C04F79EFBC}") = "006_Variable", "006_Variable\006_Variable.csproj", "{F2CD68B0-2E6C-4DBF-878E-F044825A9AF1}"
EndProject
Project("{FAE04EC0-301F-11D3-BF4B-00C04F79EFBC}") = "007_Variable", "007_Variable\007_Variable.csproj", "{824DF440-BD58-4B02-A9AA-287CC70D8621}"
EndProject
Project("{FAE04EC0-301F-11D3-BF4B-00C04F79EFBC}") = "008_Data1", "008_Data1\008_Data1.csproj", "{AD29B23C-E832-4A76-B2F0-97CFE4EB4E8B}"
EndProject
Project("{FAE04EC0-301F-11D3-BF4B-00C04F79EFBC}") = "009_Data2", "009_Data2\009_Data2.csproj", "{5B80ABD2-FEE7-4AD0-80E2-99FF823A8AE2}"
EndProject
Project("{FAE04EC0-301F-11D3-BF4B-00C04F79EFBC}") = "010_Data3", "010_Data3\010_Data3.csproj", "{B7A08ABF-FA5F-4D31-A726-2343A906D5CD}"
EndProject
Project("{FAE04EC0-301F-11D3-BF4B-00C04F79EFBC}") = "011_Data4", "011_Data4\011_Data4.csproj", "{DF00D98A-4C3C-4DF3-8784-57A6FAB0EB4E}"
EndProject
Project("{FAE04EC0-301F-11D3-BF4B-00C04F79EFBC}") = "012_Data5", "012_Data5\012_Data5.csproj", "{0C905E9A-5E52-4633-B07C-7DDE8CD2368A}"
EndProject
Project("{FAE04EC0-301F-11D3-BF4B-00C04F79EFBC}") = "013_Data6", "013_Data6\013_Data6.csproj", "{46F2DC69-82B8-409E-BCEF-2EE58BA8A154}"
EndProject
Project("{FAE04EC0-301F-11D3-BF4B-00C04F79EFBC}") = "014_Data7", "014_Data7\014_Data7.csproj", "{4A579E7C-569D-4931-BE38-B79964805873}"
EndProject
Project("{FAE04EC0-301F-11D3-BF4B-00C04F79EFBC}") = "015_Data8", "015_Data8\015_Data8.csproj", "{A40E5890-2F01-41C8-A7EB-23A5057C498A}"
EndProject
Project("{FAE04EC0-301F-11D3-BF4B-00C04F79EFBC}") = "016_String", "016_String\016_String.csproj", "{08ED1458-81BB-42E5-BD17-587E15A30328}"
EndProject
Project("{FAE04EC0-301F-11D3-BF4B-00C04F79EFBC}") = "017_Data_bool", "017_Data_bool\017_Data_bool.csproj", "{BBF41299-1953-45F9-9DDC-2214E1B1B6AC}"
EndProject
Project("{FAE04EC0-301F-11D3-BF4B-00C04F79EFBC}") = "018_Data_object", "018_Data_object\018_Data_object.csproj", "{90BDFDFD-1F60-4EF9-BF8F-4913AA9DEA10}"
EndProject
Project("{FAE04EC0-301F-11D3-BF4B-00C04F79EFBC}") = "019_Data_enum", "019_Data_enum\019_Data_enum.csproj", "{75E2B2D8-3C69-44C0-BB91-E24AA494D56D}"
EndProject
Project("{FAE04EC0-301F-11D3-BF4B-00C04F79EFBC}") = "020_Data_enum2", "020_Data_enum2\020_Data_enum2.csproj", "{4D414520-BAE2-4A08-8EF5-CF423F725560}"
EndProject
Project("{FAE04EC0-301F-11D3-BF4B-00C04F79EFBC}") = "021_Data_nullable", "021_Data_nullable\021_Data_nullable.csproj", "{15EF7C36-9206-4570-80E1-BA66784EA39D}"
EndProject
Project("{FAE04EC0-301F-11D3-BF4B-00C04F79EFBC}") = "022_Data_var", "022_Data_var\022_Data_var.csproj", "{582F171E-76C7-4F25-BA8D-A526F1CF5A27}"
EndProject
Project("{FAE04EC0-301F-11D3-BF4B-00C04F79EFBC}") = "023_Data_const", "023_Data_const\023_Data_const.csproj", "{29D63F70-10DA-4014-8795-73676A1FBA8E}"
EndProject
Project("{FAE04EC0-301F-11D3-BF4B-00C04F79EFBC}") = "024_Data_cast", "024_Data_cast\024_Data_cast.csproj", "{48697A45-3DB4-4D77-AA7F-0E6245FFAD3C}"
EndProject
Project("{FAE04EC0-301F-11D3-BF4B-00C04F79EFBC}") = "025_Data_ToString", "025_Data_ToString\025_Data_ToString.csproj", "{A05748D6-CFE1-49FA-8214-0EB052D3E474}"
EndProject
Project("{FAE04EC0-301F-11D3-BF4B-00C04F79EFBC}") = "026_Data_Parse", "026_Data_Parse\026_Data_Parse.csproj", "{3097E91E-8CDC-4FBD-83B0-63BE7BA3F941}"
EndProject
Project("{FAE04EC0-301F-11D3-BF4B-00C04F79EFBC}") = "027_Data_Convert", "027_Data_Convert\027_Data_Convert.csproj", "{689FE5F3-AC81-40A6-9D39-2AC949407C9B}"
EndProject
Project("{FAE04EC0-301F-11D3-BF4B-00C04F79EFBC}") = "028_Data_reference", "028_Data_reference\028_Data_reference.csproj", "{32D1ABE7-4591-4B5D-B141-7B59CCB12938}"
EndProject
Project("{FAE04EC0-301F-11D3-BF4B-00C04F79EFBC}") = "029_Data_boxing", "029_Data_boxing\029_Data_boxing.csproj", "{2FB5465E-A506-40D7-9E23-CDD3EFC0A3DD}"
EndProject
Project("{FAE04EC0-301F-11D3-BF4B-00C04F79EFBC}") = "030_ReadLine", "030_ReadLine\030_ReadLine.csproj", "{3F29E047-0473-4993-805F-33B7103DA028}"
EndProject
Project("{FAE04EC0-301F-11D3-BF4B-00C04F79EFBC}") = "031_ReadLine2", "031_ReadLine2\031_ReadLine2.csproj", "{34EA1838-464C-4F8B-89AA-C5BD49637329}"
EndProject
Project("{FAE04EC0-301F-11D3-BF4B-00C04F79EFBC}") = "032_Check", "032_Check\032_Check.csproj", "{D80BDB1C-C3B0-40AC-989A-B03281ADC2D7}"
EndProject
Project("{FAE04EC0-301F-11D3-BF4B-00C04F79EFBC}") = "033_Check", "033_Check\033_Check.csproj", "{2522C956-AD5C-403A-BC7E-FCC2CC4819B9}"
EndProject
Project("{FAE04EC0-301F-11D3-BF4B-00C04F79EFBC}") = "034_Operator1", "034_Operator1\034_Operator1.csproj", "{12A774DB-C81F-4E45-B4EE-E35DC00BB456}"
EndProject
Project("{FAE04EC0-301F-11D3-BF4B-00C04F79EFBC}") = "035_Operator2", "035_Operator2\035_Operator2.csproj", "{BBE53EFF-6BCC-4D04-BDB3-FBBCAC54F894}"
EndProject
Project("{FAE04EC0-301F-11D3-BF4B-00C04F79EFBC}") = "036_Operator3", "036_Operator3\036_Operator3.csproj", "{0D7A9D4E-2583-4B88-8B4B-E51AE82783FF}"
EndProject
Project("{FAE04EC0-301F-11D3-BF4B-00C04F79EFBC}") = "036_01_Operator3", "036_01_Operator3\036_01_Operator3.csproj", "{3B00739E-4CCF-4A39-994A-CBE0CB298011}"
EndProject
Project("{FAE04EC0-301F-11D3-BF4B-00C04F79EFBC}") = "037_Operator4", "037_Operator4\037_Operator4.csproj", "{B35ABCA6-08A8-4C0E-8CE0-0278A2265D9A}"
EndProject
Project("{FAE04EC0-301F-11D3-BF4B-00C04F79EFBC}") = "038_Operator5", "038_Operator5\038_Operator5.csproj", "{DB745BFE-CF9F-402C-9FEE-A174A7183860}"
EndProject
Project("{FAE04EC0-301F-11D3-BF4B-00C04F79EFBC}") = "039_Operator6", "039_Operator6\039_Operator6.csproj", "{1B582DF4-2724-45FC-9AC0-16A456B2A73B}"
EndProject
Project("{FAE04EC0-301F-11D3-BF4B-00C04F79EFBC}") = "040_ Operator_Bit", "040_ Operator_Bit\040_ Operator_Bit.csproj", "{CA484EED-0616-4075-8ED5-490713DB2833}"
EndProject
Project("{FAE04EC0-301F-11D3-BF4B-00C04F79EFBC}") = "041_Operator_null", "041_Operator_null\041_Operator_null.csproj", "{A345EE59-08FC-4BFA-9D23-10D75662EB90}"
EndProject
Project("{FAE04EC0-301F-11D3-BF4B-00C04F79EFBC}") = "042_Operetor_Branch", "042_Operetor_Branch\042_Operetor_Branch.csproj", "{C54BA59C-567B-4525-8CE4-055ACF59C1B5}"
EndProject
Project("{FAE04EC0-301F-11D3-BF4B-00C04F79EFBC}") = "043_Operator_Branch2", "043_Operator_Branch2\043_Operator_Branch2.csproj", "{8C7CF022-87A8-4A0D-A9B0-AE2712250760}"
EndProject
Project("{FAE04EC0-301F-11D3-BF4B-00C04F79EFBC}") = "044_Operator_Branch3", "044_Operator_Branch3\044_Operator_Branch3.csproj", "{6CA4122F-9EF5-4E99-8910-3F9B5459521D}"
EndProject
Project("{FAE04EC0-301F-11D3-BF4B-00C04F79EFBC}") = "045_Operator_switch", "045_Operator_switch\045_Operator_switch.csproj", "{A92208D2-9957-4F4C-B06C-B6F099FF0798}"
EndProject
Project("{FAE04EC0-301F-11D3-BF4B-00C04F79EFBC}") = "046_Operator_switch", "046_Operator_switch\046_Operator_switch.csproj", "{F29338CE-DC4B-4D6B-989D-CC075C78FA5C}"
EndProject
Project("{FAE04EC0-301F-11D3-BF4B-00C04F79EFBC}") = "047_Operator_while", "047_Operator_while\047_Operator_while.csproj", "{513DAF18-9930-431A-808D-4374A47735B5}"
EndProject
Project("{FAE04EC0-301F-11D3-BF4B-00C04F79EFBC}") = "048_Operator_do_while", "048_Operator_do_while\048_Operator_do_while.csproj", "{B04F9CF9-02A7-4DA8-8112-989B6371185C}"
EndProject
Project("{FAE04EC0-301F-11D3-BF4B-00C04F79EFBC}") = "049_Operator_for", "049_Operator_for\049_Operator_for.csproj", "{3FA70B44-D441-4E1C-AF63-1838968CEE73}"
EndProject
Project("{FAE04EC0-301F-11D3-BF4B-00C04F79EFBC}") = "050_Operator_for_for", "050_Operator_for_for\050_Operator_for_for.csproj", "{CA481E93-C27A-49C6-A9A8-14CF9196AB58}"
EndProject
Project("{FAE04EC0-301F-11D3-BF4B-00C04F79EFBC}") = "051_Operator_while(true)", "051_Operator_while(true)\051_Operator_while(true).csproj", "{0624ECEA-F61A-49FD-9053-8B99D64D8E2D}"
EndProject
Project("{FAE04EC0-301F-11D3-BF4B-00C04F79EFBC}") = "052_Operator_break", "052_Operator_break\052_Operator_break.csproj", "{CEB2B482-2516-4E57-8E1C-D12448273A84}"
EndProject
Project("{FAE04EC0-301F-11D3-BF4B-00C04F79EFBC}") = "053_Operator_continue", "053_Operator_continue\053_Operator_continue.csproj", "{67EF454A-3846-4B51-AD8C-E57E6ED69590}"
EndProject
Project("{FAE04EC0-301F-11D3-BF4B-00C04F79EFBC}") = "054_Operator_goto", "054_Operator_goto\054_Operator_goto.csproj", "{36B8341D-7E55-4328-AB2E-A564C0F1C1EC}"
EndProject
Project("{FAE04EC0-301F-11D3-BF4B-00C04F79EFBC}") = "055_Check", "055_Check\055_Check.csproj", "{96A9B25D-0D31-453F-B729-2A8AE0D919C7}"
EndProject
Project("{FAE04EC0-301F-11D3-BF4B-00C04F79EFBC}") = "056_Check", "056_Check\056_Check.csproj", "{B2BB5398-97C8-4F80-B832-629737BC7141}"
EndProject
Project("{FAE04EC0-301F-11D3-BF4B-00C04F79EFBC}") = "057_Check", "057_Check\057_Check.csproj", "{F9B453B4-22AA-4752-A2F8-5A43ED599345}"
EndProject
Project("{FAE04EC0-301F-11D3-BF4B-00C04F79EFBC}") = "CheckPoint01", "CheckPoint01\CheckPoint01.csproj", "{E01A15EF-55ED-4EF6-A6C0-92CAD749A437}"
EndProject
Project("{FAE04EC0-301F-11D3-BF4B-00C04F79EFBC}") = "058_Func1", "058_Func1\058_Func1.csproj", "{8AD0E085-655B-47A0-90FC-0EFF011D7ED9}"
EndProject
Project("{FAE04EC0-301F-11D3-BF4B-00C04F79EFBC}") = "059_Func2", "059_Func2\059_Func2.csproj", "{1E4D0526-5156-4E90-A9B1-5471028D7CA1}"
EndProject
Project("{FAE04EC0-301F-11D3-BF4B-00C04F79EFBC}") = "060_Func3", "060_Func3\060_Func3.csproj", "{D3D8F42D-9259-4E2F-BC2F-BEF8D7C01FC7}"
EndProject
Project("{FAE04EC0-301F-11D3-BF4B-00C04F79EFBC}") = "061_Func4", "061_Func4\061_Func4.csproj", "{E6CB1861-B138-4F97-AD4A-468CC2097C81}"
EndProject
Project("{FAE04EC0-301F-11D3-BF4B-00C04F79EFBC}") = "062_FuncSwap", "062_FuncSwap\062_FuncSwap.csproj", "{00D32218-FE30-4752-90D2-5C56B415B79E}"
EndProject
Project("{FAE04EC0-301F-11D3-BF4B-00C04F79EFBC}") = "063_Func_Out", "063_Func_Out\063_Func_Out.csproj", "{3AE7EFCE-83CE-4E11-B75C-D4A7C7E0AB41}"
EndProject
Project("{FAE04EC0-301F-11D3-BF4B-00C04F79EFBC}") = "064_Func_default", "064_Func_default\064_Func_default.csproj", "{E371CB9F-6EE9-4107-8922-0E98E1CA2C2D}"
EndProject
Project("{FAE04EC0-301F-11D3-BF4B-00C04F79EFBC}") = "065_Func_Overloading", "065_Func_Overloading\065_Func_Overloading.csproj", "{15BD454A-EE2E-4F1D-8B89-62412B94F555}"
EndProject
Project("{FAE04EC0-301F-11D3-BF4B-00C04F79EFBC}") = "066_Func_params", "066_Func_params\066_Func_params.csproj", "{1147E6AA-C1C5-4196-9005-0509BD4CAAEB}"
EndProject
Project("{FAE04EC0-301F-11D3-BF4B-00C04F79EFBC}") = "067_Check", "067_Check\067_Check.csproj", "{9C99B922-AD63-4BFC-AF67-461FF252335E}"
EndProject
Project("{FAE04EC0-301F-11D3-BF4B-00C04F79EFBC}") = "CheckPoint02", "CheckPoint02\CheckPoint02.csproj", "{F448B903-D502-41A7-BD3D-E3BDCFAEFEBA}"
EndProject
Project("{FAE04EC0-301F-11D3-BF4B-00C04F79EFBC}") = "068_Array_Init", "068_Array_Init\068_Array_Init.csproj", "{366A81C3-F869-4A45-8733-D70A3262D5E7}"
EndProject
Project("{FAE04EC0-301F-11D3-BF4B-00C04F79EFBC}") = "068_1_Array_Init2", "068_1_Array_Init2\068_1_Array_Init2.csproj", "{A86158E4-7149-4D46-8239-6C09394A133B}"
EndProject
Project("{FAE04EC0-301F-11D3-BF4B-00C04F79EFBC}") = "069_Array_Multi", "069_Array_Multi\069_Array_Multi.csproj", "{4FE3FFC0-C4FC-4617-A1EA-CDFAA68DC6CC}"
EndProject
Project("{FAE04EC0-301F-11D3-BF4B-00C04F79EFBC}") = "070_Array_Multi2", "070_Array_Multi2\070_Array_Multi2.csproj", "{4DC1C1EE-5A13-467F-BB4F-C1ADC1898F73}"
EndProject
Project("{FAE04EC0-301F-11D3-BF4B-00C04F79EFBC}") = "071_Array_Flex", "071_Array_Flex\071_Array_Flex.csproj", "{A85C23EC-7CFD-4DBA-835D-16D9239F2F5F}"
EndProject
Project("{FAE04EC0-301F-11D3-BF4B-00C04F79EFBC}") = "072_Array_Func1", "072_Array_Func1\072_Array_Func1.csproj", "{77BB6E09-65DD-4F32-B60E-DE37F24BFA47}"
EndProject
Project("{FAE04EC0-301F-11D3-BF4B-00C04F79EFBC}") = "073_Array_Func2", "073_Array_Func2\073_Array_Func2.csproj", "{EA6C60DD-4377-46C9-A41F-214D1F584A4F}"
EndProject
Project("{FAE04EC0-301F-11D3-BF4B-00C04F79EFBC}") = "074_Array_Clear", "074_Array_Clear\074_Array_Clear.csproj", "{8F7781FC-585C-4C94-BB8E-A338AF96B81F}"
EndProject
Global
	GlobalSection(SolutionConfigurationPlatforms) = preSolution
		Debug|Any CPU = Debug|Any CPU
		Release|Any CPU = Release|Any CPU
	EndGlobalSection
	GlobalSection(ProjectConfigurationPlatforms) = postSolution
		{457726A6-4AD0-4F65-8B1E-AE18B6116668}.Debug|Any CPU.ActiveCfg = Debug|Any CPU
		{457726A6-4AD0-4F65-8B1E-AE18B6116668}.Debug|Any CPU.Build.0 = Debug|Any CPU
		{457726A6-4AD0-4F65-8B1E-AE18B6116668}.Release|Any CPU.ActiveCfg = Release|Any CPU
		{457726A6-4AD0-4F65-8B1E-AE18B6116668}.Release|Any CPU.Build.0 = Release|Any CPU
		{4B6F44C8-1596-481F-A334-A31D49EFE841}.Debug|Any CPU.ActiveCfg = Debug|Any CPU
		{4B6F44C8-1596-481F-A334-A31D49EFE841}.Debug|Any CPU.Build.0 = Debug|Any CPU
		{4B6F44C8-1596-481F-A334-A31D49EFE841}.Release|Any CPU.ActiveCfg = Release|Any CPU
		{4B6F44C8-1596-481F-A334-A31D49EFE841}.Release|Any CPU.Build.0 = Release|Any CPU
		{73AC5075-FD00-49C0-A01B-009CD55BE80D}.Debug|Any CPU.ActiveCfg = Debug|Any CPU
		{73AC5075-FD00-49C0-A01B-009CD55BE80D}.Debug|Any CPU.Build.0 = Debug|Any CPU
		{73AC5075-FD00-49C0-A01B-009CD55BE80D}.Release|Any CPU.ActiveCfg = Release|Any CPU
		{73AC5075-FD00-49C0-A01B-009CD55BE80D}.Release|Any CPU.Build.0 = Release|Any CPU
		{1F5985ED-06D7-42CA-8E7B-457F6397BB29}.Debug|Any CPU.ActiveCfg = Debug|Any CPU
		{1F5985ED-06D7-42CA-8E7B-457F6397BB29}.Debug|Any CPU.Build.0 = Debug|Any CPU
		{1F5985ED-06D7-42CA-8E7B-457F6397BB29}.Release|Any CPU.ActiveCfg = Release|Any CPU
		{1F5985ED-06D7-42CA-8E7B-457F6397BB29}.Release|Any CPU.Build.0 = Release|Any CPU
		{782328D9-F91E-4675-8CD5-685F8BEFBD3C}.Debug|Any CPU.ActiveCfg = Debug|Any CPU
		{782328D9-F91E-4675-8CD5-685F8BEFBD3C}.Debug|Any CPU.Build.0 = Debug|Any CPU
		{782328D9-F91E-4675-8CD5-685F8BEFBD3C}.Release|Any CPU.ActiveCfg = Release|Any CPU
		{782328D9-F91E-4675-8CD5-685F8BEFBD3C}.Release|Any CPU.Build.0 = Release|Any CPU
		{F2CD68B0-2E6C-4DBF-878E-F044825A9AF1}.Debug|Any CPU.ActiveCfg = Debug|Any CPU
		{F2CD68B0-2E6C-4DBF-878E-F044825A9AF1}.Debug|Any CPU.Build.0 = Debug|Any CPU
		{F2CD68B0-2E6C-4DBF-878E-F044825A9AF1}.Release|Any CPU.ActiveCfg = Release|Any CPU
		{F2CD68B0-2E6C-4DBF-878E-F044825A9AF1}.Release|Any CPU.Build.0 = Release|Any CPU
		{824DF440-BD58-4B02-A9AA-287CC70D8621}.Debug|Any CPU.ActiveCfg = Debug|Any CPU
		{824DF440-BD58-4B02-A9AA-287CC70D8621}.Debug|Any CPU.Build.0 = Debug|Any CPU
		{824DF440-BD58-4B02-A9AA-287CC70D8621}.Release|Any CPU.ActiveCfg = Release|Any CPU
		{824DF440-BD58-4B02-A9AA-287CC70D8621}.Release|Any CPU.Build.0 = Release|Any CPU
		{AD29B23C-E832-4A76-B2F0-97CFE4EB4E8B}.Debug|Any CPU.ActiveCfg = Debug|Any CPU
		{AD29B23C-E832-4A76-B2F0-97CFE4EB4E8B}.Debug|Any CPU.Build.0 = Debug|Any CPU
		{AD29B23C-E832-4A76-B2F0-97CFE4EB4E8B}.Release|Any CPU.ActiveCfg = Release|Any CPU
		{AD29B23C-E832-4A76-B2F0-97CFE4EB4E8B}.Release|Any CPU.Build.0 = Release|Any CPU
		{5B80ABD2-FEE7-4AD0-80E2-99FF823A8AE2}.Debug|Any CPU.ActiveCfg = Debug|Any CPU
		{5B80ABD2-FEE7-4AD0-80E2-99FF823A8AE2}.Debug|Any CPU.Build.0 = Debug|Any CPU
		{5B80ABD2-FEE7-4AD0-80E2-99FF823A8AE2}.Release|Any CPU.ActiveCfg = Release|Any CPU
		{5B80ABD2-FEE7-4AD0-80E2-99FF823A8AE2}.Release|Any CPU.Build.0 = Release|Any CPU
		{B7A08ABF-FA5F-4D31-A726-2343A906D5CD}.Debug|Any CPU.ActiveCfg = Debug|Any CPU
		{B7A08ABF-FA5F-4D31-A726-2343A906D5CD}.Debug|Any CPU.Build.0 = Debug|Any CPU
		{B7A08ABF-FA5F-4D31-A726-2343A906D5CD}.Release|Any CPU.ActiveCfg = Release|Any CPU
		{B7A08ABF-FA5F-4D31-A726-2343A906D5CD}.Release|Any CPU.Build.0 = Release|Any CPU
		{DF00D98A-4C3C-4DF3-8784-57A6FAB0EB4E}.Debug|Any CPU.ActiveCfg = Debug|Any CPU
		{DF00D98A-4C3C-4DF3-8784-57A6FAB0EB4E}.Debug|Any CPU.Build.0 = Debug|Any CPU
		{DF00D98A-4C3C-4DF3-8784-57A6FAB0EB4E}.Release|Any CPU.ActiveCfg = Release|Any CPU
		{DF00D98A-4C3C-4DF3-8784-57A6FAB0EB4E}.Release|Any CPU.Build.0 = Release|Any CPU
		{0C905E9A-5E52-4633-B07C-7DDE8CD2368A}.Debug|Any CPU.ActiveCfg = Debug|Any CPU
		{0C905E9A-5E52-4633-B07C-7DDE8CD2368A}.Debug|Any CPU.Build.0 = Debug|Any CPU
		{0C905E9A-5E52-4633-B07C-7DDE8CD2368A}.Release|Any CPU.ActiveCfg = Release|Any CPU
		{0C905E9A-5E52-4633-B07C-7DDE8CD2368A}.Release|Any CPU.Build.0 = Release|Any CPU
		{46F2DC69-82B8-409E-BCEF-2EE58BA8A154}.Debug|Any CPU.ActiveCfg = Debug|Any CPU
		{46F2DC69-82B8-409E-BCEF-2EE58BA8A154}.Debug|Any CPU.Build.0 = Debug|Any CPU
		{46F2DC69-82B8-409E-BCEF-2EE58BA8A154}.Release|Any CPU.ActiveCfg = Release|Any CPU
		{46F2DC69-82B8-409E-BCEF-2EE58BA8A154}.Release|Any CPU.Build.0 = Release|Any CPU
		{4A579E7C-569D-4931-BE38-B79964805873}.Debug|Any CPU.ActiveCfg = Debug|Any CPU
		{4A579E7C-569D-4931-BE38-B79964805873}.Debug|Any CPU.Build.0 = Debug|Any CPU
		{4A579E7C-569D-4931-BE38-B79964805873}.Release|Any CPU.ActiveCfg = Release|Any CPU
		{4A579E7C-569D-4931-BE38-B79964805873}.Release|Any CPU.Build.0 = Release|Any CPU
		{A40E5890-2F01-41C8-A7EB-23A5057C498A}.Debug|Any CPU.ActiveCfg = Debug|Any CPU
		{A40E5890-2F01-41C8-A7EB-23A5057C498A}.Debug|Any CPU.Build.0 = Debug|Any CPU
		{A40E5890-2F01-41C8-A7EB-23A5057C498A}.Release|Any CPU.ActiveCfg = Release|Any CPU
		{A40E5890-2F01-41C8-A7EB-23A5057C498A}.Release|Any CPU.Build.0 = Release|Any CPU
		{08ED1458-81BB-42E5-BD17-587E15A30328}.Debug|Any CPU.ActiveCfg = Debug|Any CPU
		{08ED1458-81BB-42E5-BD17-587E15A30328}.Debug|Any CPU.Build.0 = Debug|Any CPU
		{08ED1458-81BB-42E5-BD17-587E15A30328}.Release|Any CPU.ActiveCfg = Release|Any CPU
		{08ED1458-81BB-42E5-BD17-587E15A30328}.Release|Any CPU.Build.0 = Release|Any CPU
		{BBF41299-1953-45F9-9DDC-2214E1B1B6AC}.Debug|Any CPU.ActiveCfg = Debug|Any CPU
		{BBF41299-1953-45F9-9DDC-2214E1B1B6AC}.Debug|Any CPU.Build.0 = Debug|Any CPU
		{BBF41299-1953-45F9-9DDC-2214E1B1B6AC}.Release|Any CPU.ActiveCfg = Release|Any CPU
		{BBF41299-1953-45F9-9DDC-2214E1B1B6AC}.Release|Any CPU.Build.0 = Release|Any CPU
		{90BDFDFD-1F60-4EF9-BF8F-4913AA9DEA10}.Debug|Any CPU.ActiveCfg = Debug|Any CPU
		{90BDFDFD-1F60-4EF9-BF8F-4913AA9DEA10}.Debug|Any CPU.Build.0 = Debug|Any CPU
		{90BDFDFD-1F60-4EF9-BF8F-4913AA9DEA10}.Release|Any CPU.ActiveCfg = Release|Any CPU
		{90BDFDFD-1F60-4EF9-BF8F-4913AA9DEA10}.Release|Any CPU.Build.0 = Release|Any CPU
		{75E2B2D8-3C69-44C0-BB91-E24AA494D56D}.Debug|Any CPU.ActiveCfg = Debug|Any CPU
		{75E2B2D8-3C69-44C0-BB91-E24AA494D56D}.Debug|Any CPU.Build.0 = Debug|Any CPU
		{75E2B2D8-3C69-44C0-BB91-E24AA494D56D}.Release|Any CPU.ActiveCfg = Release|Any CPU
		{75E2B2D8-3C69-44C0-BB91-E24AA494D56D}.Release|Any CPU.Build.0 = Release|Any CPU
		{4D414520-BAE2-4A08-8EF5-CF423F725560}.Debug|Any CPU.ActiveCfg = Debug|Any CPU
		{4D414520-BAE2-4A08-8EF5-CF423F725560}.Debug|Any CPU.Build.0 = Debug|Any CPU
		{4D414520-BAE2-4A08-8EF5-CF423F725560}.Release|Any CPU.ActiveCfg = Release|Any CPU
		{4D414520-BAE2-4A08-8EF5-CF423F725560}.Release|Any CPU.Build.0 = Release|Any CPU
		{15EF7C36-9206-4570-80E1-BA66784EA39D}.Debug|Any CPU.ActiveCfg = Debug|Any CPU
		{15EF7C36-9206-4570-80E1-BA66784EA39D}.Debug|Any CPU.Build.0 = Debug|Any CPU
		{15EF7C36-9206-4570-80E1-BA66784EA39D}.Release|Any CPU.ActiveCfg = Release|Any CPU
		{15EF7C36-9206-4570-80E1-BA66784EA39D}.Release|Any CPU.Build.0 = Release|Any CPU
		{582F171E-76C7-4F25-BA8D-A526F1CF5A27}.Debug|Any CPU.ActiveCfg = Debug|Any CPU
		{582F171E-76C7-4F25-BA8D-A526F1CF5A27}.Debug|Any CPU.Build.0 = Debug|Any CPU
		{582F171E-76C7-4F25-BA8D-A526F1CF5A27}.Release|Any CPU.ActiveCfg = Release|Any CPU
		{582F171E-76C7-4F25-BA8D-A526F1CF5A27}.Release|Any CPU.Build.0 = Release|Any CPU
		{29D63F70-10DA-4014-8795-73676A1FBA8E}.Debug|Any CPU.ActiveCfg = Debug|Any CPU
		{29D63F70-10DA-4014-8795-73676A1FBA8E}.Debug|Any CPU.Build.0 = Debug|Any CPU
		{29D63F70-10DA-4014-8795-73676A1FBA8E}.Release|Any CPU.ActiveCfg = Release|Any CPU
		{29D63F70-10DA-4014-8795-73676A1FBA8E}.Release|Any CPU.Build.0 = Release|Any CPU
		{48697A45-3DB4-4D77-AA7F-0E6245FFAD3C}.Debug|Any CPU.ActiveCfg = Debug|Any CPU
		{48697A45-3DB4-4D77-AA7F-0E6245FFAD3C}.Debug|Any CPU.Build.0 = Debug|Any CPU
		{48697A45-3DB4-4D77-AA7F-0E6245FFAD3C}.Release|Any CPU.ActiveCfg = Release|Any CPU
		{48697A45-3DB4-4D77-AA7F-0E6245FFAD3C}.Release|Any CPU.Build.0 = Release|Any CPU
		{A05748D6-CFE1-49FA-8214-0EB052D3E474}.Debug|Any CPU.ActiveCfg = Debug|Any CPU
		{A05748D6-CFE1-49FA-8214-0EB052D3E474}.Debug|Any CPU.Build.0 = Debug|Any CPU
		{A05748D6-CFE1-49FA-8214-0EB052D3E474}.Release|Any CPU.ActiveCfg = Release|Any CPU
		{A05748D6-CFE1-49FA-8214-0EB052D3E474}.Release|Any CPU.Build.0 = Release|Any CPU
		{3097E91E-8CDC-4FBD-83B0-63BE7BA3F941}.Debug|Any CPU.ActiveCfg = Debug|Any CPU
		{3097E91E-8CDC-4FBD-83B0-63BE7BA3F941}.Debug|Any CPU.Build.0 = Debug|Any CPU
		{3097E91E-8CDC-4FBD-83B0-63BE7BA3F941}.Release|Any CPU.ActiveCfg = Release|Any CPU
		{3097E91E-8CDC-4FBD-83B0-63BE7BA3F941}.Release|Any CPU.Build.0 = Release|Any CPU
		{689FE5F3-AC81-40A6-9D39-2AC949407C9B}.Debug|Any CPU.ActiveCfg = Debug|Any CPU
		{689FE5F3-AC81-40A6-9D39-2AC949407C9B}.Debug|Any CPU.Build.0 = Debug|Any CPU
		{689FE5F3-AC81-40A6-9D39-2AC949407C9B}.Release|Any CPU.ActiveCfg = Release|Any CPU
		{689FE5F3-AC81-40A6-9D39-2AC949407C9B}.Release|Any CPU.Build.0 = Release|Any CPU
		{32D1ABE7-4591-4B5D-B141-7B59CCB12938}.Debug|Any CPU.ActiveCfg = Debug|Any CPU
		{32D1ABE7-4591-4B5D-B141-7B59CCB12938}.Debug|Any CPU.Build.0 = Debug|Any CPU
		{32D1ABE7-4591-4B5D-B141-7B59CCB12938}.Release|Any CPU.ActiveCfg = Release|Any CPU
		{32D1ABE7-4591-4B5D-B141-7B59CCB12938}.Release|Any CPU.Build.0 = Release|Any CPU
		{2FB5465E-A506-40D7-9E23-CDD3EFC0A3DD}.Debug|Any CPU.ActiveCfg = Debug|Any CPU
		{2FB5465E-A506-40D7-9E23-CDD3EFC0A3DD}.Debug|Any CPU.Build.0 = Debug|Any CPU
		{2FB5465E-A506-40D7-9E23-CDD3EFC0A3DD}.Release|Any CPU.ActiveCfg = Release|Any CPU
		{2FB5465E-A506-40D7-9E23-CDD3EFC0A3DD}.Release|Any CPU.Build.0 = Release|Any CPU
		{3F29E047-0473-4993-805F-33B7103DA028}.Debug|Any CPU.ActiveCfg = Debug|Any CPU
		{3F29E047-0473-4993-805F-33B7103DA028}.Debug|Any CPU.Build.0 = Debug|Any CPU
		{3F29E047-0473-4993-805F-33B7103DA028}.Release|Any CPU.ActiveCfg = Release|Any CPU
		{3F29E047-0473-4993-805F-33B7103DA028}.Release|Any CPU.Build.0 = Release|Any CPU
		{34EA1838-464C-4F8B-89AA-C5BD49637329}.Debug|Any CPU.ActiveCfg = Debug|Any CPU
		{34EA1838-464C-4F8B-89AA-C5BD49637329}.Debug|Any CPU.Build.0 = Debug|Any CPU
		{34EA1838-464C-4F8B-89AA-C5BD49637329}.Release|Any CPU.ActiveCfg = Release|Any CPU
		{34EA1838-464C-4F8B-89AA-C5BD49637329}.Release|Any CPU.Build.0 = Release|Any CPU
		{D80BDB1C-C3B0-40AC-989A-B03281ADC2D7}.Debug|Any CPU.ActiveCfg = Debug|Any CPU
		{D80BDB1C-C3B0-40AC-989A-B03281ADC2D7}.Debug|Any CPU.Build.0 = Debug|Any CPU
		{D80BDB1C-C3B0-40AC-989A-B03281ADC2D7}.Release|Any CPU.ActiveCfg = Release|Any CPU
		{D80BDB1C-C3B0-40AC-989A-B03281ADC2D7}.Release|Any CPU.Build.0 = Release|Any CPU
		{2522C956-AD5C-403A-BC7E-FCC2CC4819B9}.Debug|Any CPU.ActiveCfg = Debug|Any CPU
		{2522C956-AD5C-403A-BC7E-FCC2CC4819B9}.Debug|Any CPU.Build.0 = Debug|Any CPU
		{2522C956-AD5C-403A-BC7E-FCC2CC4819B9}.Release|Any CPU.ActiveCfg = Release|Any CPU
		{2522C956-AD5C-403A-BC7E-FCC2CC4819B9}.Release|Any CPU.Build.0 = Release|Any CPU
		{12A774DB-C81F-4E45-B4EE-E35DC00BB456}.Debug|Any CPU.ActiveCfg = Debug|Any CPU
		{12A774DB-C81F-4E45-B4EE-E35DC00BB456}.Debug|Any CPU.Build.0 = Debug|Any CPU
		{12A774DB-C81F-4E45-B4EE-E35DC00BB456}.Release|Any CPU.ActiveCfg = Release|Any CPU
		{12A774DB-C81F-4E45-B4EE-E35DC00BB456}.Release|Any CPU.Build.0 = Release|Any CPU
		{BBE53EFF-6BCC-4D04-BDB3-FBBCAC54F894}.Debug|Any CPU.ActiveCfg = Debug|Any CPU
		{BBE53EFF-6BCC-4D04-BDB3-FBBCAC54F894}.Debug|Any CPU.Build.0 = Debug|Any CPU
		{BBE53EFF-6BCC-4D04-BDB3-FBBCAC54F894}.Release|Any CPU.ActiveCfg = Release|Any CPU
		{BBE53EFF-6BCC-4D04-BDB3-FBBCAC54F894}.Release|Any CPU.Build.0 = Release|Any CPU
		{0D7A9D4E-2583-4B88-8B4B-E51AE82783FF}.Debug|Any CPU.ActiveCfg = Debug|Any CPU
		{0D7A9D4E-2583-4B88-8B4B-E51AE82783FF}.Debug|Any CPU.Build.0 = Debug|Any CPU
		{0D7A9D4E-2583-4B88-8B4B-E51AE82783FF}.Release|Any CPU.ActiveCfg = Release|Any CPU
		{0D7A9D4E-2583-4B88-8B4B-E51AE82783FF}.Release|Any CPU.Build.0 = Release|Any CPU
		{3B00739E-4CCF-4A39-994A-CBE0CB298011}.Debug|Any CPU.ActiveCfg = Debug|Any CPU
		{3B00739E-4CCF-4A39-994A-CBE0CB298011}.Debug|Any CPU.Build.0 = Debug|Any CPU
		{3B00739E-4CCF-4A39-994A-CBE0CB298011}.Release|Any CPU.ActiveCfg = Release|Any CPU
		{3B00739E-4CCF-4A39-994A-CBE0CB298011}.Release|Any CPU.Build.0 = Release|Any CPU
		{B35ABCA6-08A8-4C0E-8CE0-0278A2265D9A}.Debug|Any CPU.ActiveCfg = Debug|Any CPU
		{B35ABCA6-08A8-4C0E-8CE0-0278A2265D9A}.Debug|Any CPU.Build.0 = Debug|Any CPU
		{B35ABCA6-08A8-4C0E-8CE0-0278A2265D9A}.Release|Any CPU.ActiveCfg = Release|Any CPU
		{B35ABCA6-08A8-4C0E-8CE0-0278A2265D9A}.Release|Any CPU.Build.0 = Release|Any CPU
		{DB745BFE-CF9F-402C-9FEE-A174A7183860}.Debug|Any CPU.ActiveCfg = Debug|Any CPU
		{DB745BFE-CF9F-402C-9FEE-A174A7183860}.Debug|Any CPU.Build.0 = Debug|Any CPU
		{DB745BFE-CF9F-402C-9FEE-A174A7183860}.Release|Any CPU.ActiveCfg = Release|Any CPU
		{DB745BFE-CF9F-402C-9FEE-A174A7183860}.Release|Any CPU.Build.0 = Release|Any CPU
		{1B582DF4-2724-45FC-9AC0-16A456B2A73B}.Debug|Any CPU.ActiveCfg = Debug|Any CPU
		{1B582DF4-2724-45FC-9AC0-16A456B2A73B}.Debug|Any CPU.Build.0 = Debug|Any CPU
		{1B582DF4-2724-45FC-9AC0-16A456B2A73B}.Release|Any CPU.ActiveCfg = Release|Any CPU
		{1B582DF4-2724-45FC-9AC0-16A456B2A73B}.Release|Any CPU.Build.0 = Release|Any CPU
		{CA484EED-0616-4075-8ED5-490713DB2833}.Debug|Any CPU.ActiveCfg = Debug|Any CPU
		{CA484EED-0616-4075-8ED5-490713DB2833}.Debug|Any CPU.Build.0 = Debug|Any CPU
		{CA484EED-0616-4075-8ED5-490713DB2833}.Release|Any CPU.ActiveCfg = Release|Any CPU
		{CA484EED-0616-4075-8ED5-490713DB2833}.Release|Any CPU.Build.0 = Release|Any CPU
		{A345EE59-08FC-4BFA-9D23-10D75662EB90}.Debug|Any CPU.ActiveCfg = Debug|Any CPU
		{A345EE59-08FC-4BFA-9D23-10D75662EB90}.Debug|Any CPU.Build.0 = Debug|Any CPU
		{A345EE59-08FC-4BFA-9D23-10D75662EB90}.Release|Any CPU.ActiveCfg = Release|Any CPU
		{A345EE59-08FC-4BFA-9D23-10D75662EB90}.Release|Any CPU.Build.0 = Release|Any CPU
		{C54BA59C-567B-4525-8CE4-055ACF59C1B5}.Debug|Any CPU.ActiveCfg = Debug|Any CPU
		{C54BA59C-567B-4525-8CE4-055ACF59C1B5}.Debug|Any CPU.Build.0 = Debug|Any CPU
		{C54BA59C-567B-4525-8CE4-055ACF59C1B5}.Release|Any CPU.ActiveCfg = Release|Any CPU
		{C54BA59C-567B-4525-8CE4-055ACF59C1B5}.Release|Any CPU.Build.0 = Release|Any CPU
		{8C7CF022-87A8-4A0D-A9B0-AE2712250760}.Debug|Any CPU.ActiveCfg = Debug|Any CPU
		{8C7CF022-87A8-4A0D-A9B0-AE2712250760}.Debug|Any CPU.Build.0 = Debug|Any CPU
		{8C7CF022-87A8-4A0D-A9B0-AE2712250760}.Release|Any CPU.ActiveCfg = Release|Any CPU
		{8C7CF022-87A8-4A0D-A9B0-AE2712250760}.Release|Any CPU.Build.0 = Release|Any CPU
		{6CA4122F-9EF5-4E99-8910-3F9B5459521D}.Debug|Any CPU.ActiveCfg = Debug|Any CPU
		{6CA4122F-9EF5-4E99-8910-3F9B5459521D}.Debug|Any CPU.Build.0 = Debug|Any CPU
		{6CA4122F-9EF5-4E99-8910-3F9B5459521D}.Release|Any CPU.ActiveCfg = Release|Any CPU
		{6CA4122F-9EF5-4E99-8910-3F9B5459521D}.Release|Any CPU.Build.0 = Release|Any CPU
		{A92208D2-9957-4F4C-B06C-B6F099FF0798}.Debug|Any CPU.ActiveCfg = Debug|Any CPU
		{A92208D2-9957-4F4C-B06C-B6F099FF0798}.Debug|Any CPU.Build.0 = Debug|Any CPU
		{A92208D2-9957-4F4C-B06C-B6F099FF0798}.Release|Any CPU.ActiveCfg = Release|Any CPU
		{A92208D2-9957-4F4C-B06C-B6F099FF0798}.Release|Any CPU.Build.0 = Release|Any CPU
		{F29338CE-DC4B-4D6B-989D-CC075C78FA5C}.Debug|Any CPU.ActiveCfg = Debug|Any CPU
		{F29338CE-DC4B-4D6B-989D-CC075C78FA5C}.Debug|Any CPU.Build.0 = Debug|Any CPU
		{F29338CE-DC4B-4D6B-989D-CC075C78FA5C}.Release|Any CPU.ActiveCfg = Release|Any CPU
		{F29338CE-DC4B-4D6B-989D-CC075C78FA5C}.Release|Any CPU.Build.0 = Release|Any CPU
		{513DAF18-9930-431A-808D-4374A47735B5}.Debug|Any CPU.ActiveCfg = Debug|Any CPU
		{513DAF18-9930-431A-808D-4374A47735B5}.Debug|Any CPU.Build.0 = Debug|Any CPU
		{513DAF18-9930-431A-808D-4374A47735B5}.Release|Any CPU.ActiveCfg = Release|Any CPU
		{513DAF18-9930-431A-808D-4374A47735B5}.Release|Any CPU.Build.0 = Release|Any CPU
		{B04F9CF9-02A7-4DA8-8112-989B6371185C}.Debug|Any CPU.ActiveCfg = Debug|Any CPU
		{B04F9CF9-02A7-4DA8-8112-989B6371185C}.Debug|Any CPU.Build.0 = Debug|Any CPU
		{B04F9CF9-02A7-4DA8-8112-989B6371185C}.Release|Any CPU.ActiveCfg = Release|Any CPU
		{B04F9CF9-02A7-4DA8-8112-989B6371185C}.Release|Any CPU.Build.0 = Release|Any CPU
		{3FA70B44-D441-4E1C-AF63-1838968CEE73}.Debug|Any CPU.ActiveCfg = Debug|Any CPU
		{3FA70B44-D441-4E1C-AF63-1838968CEE73}.Debug|Any CPU.Build.0 = Debug|Any CPU
		{3FA70B44-D441-4E1C-AF63-1838968CEE73}.Release|Any CPU.ActiveCfg = Release|Any CPU
		{3FA70B44-D441-4E1C-AF63-1838968CEE73}.Release|Any CPU.Build.0 = Release|Any CPU
		{CA481E93-C27A-49C6-A9A8-14CF9196AB58}.Debug|Any CPU.ActiveCfg = Debug|Any CPU
		{CA481E93-C27A-49C6-A9A8-14CF9196AB58}.Debug|Any CPU.Build.0 = Debug|Any CPU
		{CA481E93-C27A-49C6-A9A8-14CF9196AB58}.Release|Any CPU.ActiveCfg = Release|Any CPU
		{CA481E93-C27A-49C6-A9A8-14CF9196AB58}.Release|Any CPU.Build.0 = Release|Any CPU
		{0624ECEA-F61A-49FD-9053-8B99D64D8E2D}.Debug|Any CPU.ActiveCfg = Debug|Any CPU
		{0624ECEA-F61A-49FD-9053-8B99D64D8E2D}.Debug|Any CPU.Build.0 = Debug|Any CPU
		{0624ECEA-F61A-49FD-9053-8B99D64D8E2D}.Release|Any CPU.ActiveCfg = Release|Any CPU
		{0624ECEA-F61A-49FD-9053-8B99D64D8E2D}.Release|Any CPU.Build.0 = Release|Any CPU
		{CEB2B482-2516-4E57-8E1C-D12448273A84}.Debug|Any CPU.ActiveCfg = Debug|Any CPU
		{CEB2B482-2516-4E57-8E1C-D12448273A84}.Debug|Any CPU.Build.0 = Debug|Any CPU
		{CEB2B482-2516-4E57-8E1C-D12448273A84}.Release|Any CPU.ActiveCfg = Release|Any CPU
		{CEB2B482-2516-4E57-8E1C-D12448273A84}.Release|Any CPU.Build.0 = Release|Any CPU
		{67EF454A-3846-4B51-AD8C-E57E6ED69590}.Debug|Any CPU.ActiveCfg = Debug|Any CPU
		{67EF454A-3846-4B51-AD8C-E57E6ED69590}.Debug|Any CPU.Build.0 = Debug|Any CPU
		{67EF454A-3846-4B51-AD8C-E57E6ED69590}.Release|Any CPU.ActiveCfg = Release|Any CPU
		{67EF454A-3846-4B51-AD8C-E57E6ED69590}.Release|Any CPU.Build.0 = Release|Any CPU
		{36B8341D-7E55-4328-AB2E-A564C0F1C1EC}.Debug|Any CPU.ActiveCfg = Debug|Any CPU
		{36B8341D-7E55-4328-AB2E-A564C0F1C1EC}.Debug|Any CPU.Build.0 = Debug|Any CPU
		{36B8341D-7E55-4328-AB2E-A564C0F1C1EC}.Release|Any CPU.ActiveCfg = Release|Any CPU
		{36B8341D-7E55-4328-AB2E-A564C0F1C1EC}.Release|Any CPU.Build.0 = Release|Any CPU
		{96A9B25D-0D31-453F-B729-2A8AE0D919C7}.Debug|Any CPU.ActiveCfg = Debug|Any CPU
		{96A9B25D-0D31-453F-B729-2A8AE0D919C7}.Debug|Any CPU.Build.0 = Debug|Any CPU
		{96A9B25D-0D31-453F-B729-2A8AE0D919C7}.Release|Any CPU.ActiveCfg = Release|Any CPU
		{96A9B25D-0D31-453F-B729-2A8AE0D919C7}.Release|Any CPU.Build.0 = Release|Any CPU
		{B2BB5398-97C8-4F80-B832-629737BC7141}.Debug|Any CPU.ActiveCfg = Debug|Any CPU
		{B2BB5398-97C8-4F80-B832-629737BC7141}.Debug|Any CPU.Build.0 = Debug|Any CPU
		{B2BB5398-97C8-4F80-B832-629737BC7141}.Release|Any CPU.ActiveCfg = Release|Any CPU
		{B2BB5398-97C8-4F80-B832-629737BC7141}.Release|Any CPU.Build.0 = Release|Any CPU
		{F9B453B4-22AA-4752-A2F8-5A43ED599345}.Debug|Any CPU.ActiveCfg = Debug|Any CPU
		{F9B453B4-22AA-4752-A2F8-5A43ED599345}.Debug|Any CPU.Build.0 = Debug|Any CPU
		{F9B453B4-22AA-4752-A2F8-5A43ED599345}.Release|Any CPU.ActiveCfg = Release|Any CPU
		{F9B453B4-22AA-4752-A2F8-5A43ED599345}.Release|Any CPU.Build.0 = Release|Any CPU
		{E01A15EF-55ED-4EF6-A6C0-92CAD749A437}.Debug|Any CPU.ActiveCfg = Debug|Any CPU
		{E01A15EF-55ED-4EF6-A6C0-92CAD749A437}.Debug|Any CPU.Build.0 = Debug|Any CPU
		{E01A15EF-55ED-4EF6-A6C0-92CAD749A437}.Release|Any CPU.ActiveCfg = Release|Any CPU
		{E01A15EF-55ED-4EF6-A6C0-92CAD749A437}.Release|Any CPU.Build.0 = Release|Any CPU
		{8AD0E085-655B-47A0-90FC-0EFF011D7ED9}.Debug|Any CPU.ActiveCfg = Debug|Any CPU
		{8AD0E085-655B-47A0-90FC-0EFF011D7ED9}.Debug|Any CPU.Build.0 = Debug|Any CPU
		{8AD0E085-655B-47A0-90FC-0EFF011D7ED9}.Release|Any CPU.ActiveCfg = Release|Any CPU
		{8AD0E085-655B-47A0-90FC-0EFF011D7ED9}.Release|Any CPU.Build.0 = Release|Any CPU
		{1E4D0526-5156-4E90-A9B1-5471028D7CA1}.Debug|Any CPU.ActiveCfg = Debug|Any CPU
		{1E4D0526-5156-4E90-A9B1-5471028D7CA1}.Debug|Any CPU.Build.0 = Debug|Any CPU
		{1E4D0526-5156-4E90-A9B1-5471028D7CA1}.Release|Any CPU.ActiveCfg = Release|Any CPU
		{1E4D0526-5156-4E90-A9B1-5471028D7CA1}.Release|Any CPU.Build.0 = Release|Any CPU
		{D3D8F42D-9259-4E2F-BC2F-BEF8D7C01FC7}.Debug|Any CPU.ActiveCfg = Debug|Any CPU
		{D3D8F42D-9259-4E2F-BC2F-BEF8D7C01FC7}.Debug|Any CPU.Build.0 = Debug|Any CPU
		{D3D8F42D-9259-4E2F-BC2F-BEF8D7C01FC7}.Release|Any CPU.ActiveCfg = Release|Any CPU
		{D3D8F42D-9259-4E2F-BC2F-BEF8D7C01FC7}.Release|Any CPU.Build.0 = Release|Any CPU
		{E6CB1861-B138-4F97-AD4A-468CC2097C81}.Debug|Any CPU.ActiveCfg = Debug|Any CPU
		{E6CB1861-B138-4F97-AD4A-468CC2097C81}.Debug|Any CPU.Build.0 = Debug|Any CPU
		{E6CB1861-B138-4F97-AD4A-468CC2097C81}.Release|Any CPU.ActiveCfg = Release|Any CPU
		{E6CB1861-B138-4F97-AD4A-468CC2097C81}.Release|Any CPU.Build.0 = Release|Any CPU
		{00D32218-FE30-4752-90D2-5C56B415B79E}.Debug|Any CPU.ActiveCfg = Debug|Any CPU
		{00D32218-FE30-4752-90D2-5C56B415B79E}.Debug|Any CPU.Build.0 = Debug|Any CPU
		{00D32218-FE30-4752-90D2-5C56B415B79E}.Release|Any CPU.ActiveCfg = Release|Any CPU
		{00D32218-FE30-4752-90D2-5C56B415B79E}.Release|Any CPU.Build.0 = Release|Any CPU
		{3AE7EFCE-83CE-4E11-B75C-D4A7C7E0AB41}.Debug|Any CPU.ActiveCfg = Debug|Any CPU
		{3AE7EFCE-83CE-4E11-B75C-D4A7C7E0AB41}.Debug|Any CPU.Build.0 = Debug|Any CPU
		{3AE7EFCE-83CE-4E11-B75C-D4A7C7E0AB41}.Release|Any CPU.ActiveCfg = Release|Any CPU
		{3AE7EFCE-83CE-4E11-B75C-D4A7C7E0AB41}.Release|Any CPU.Build.0 = Release|Any CPU
		{E371CB9F-6EE9-4107-8922-0E98E1CA2C2D}.Debug|Any CPU.ActiveCfg = Debug|Any CPU
		{E371CB9F-6EE9-4107-8922-0E98E1CA2C2D}.Debug|Any CPU.Build.0 = Debug|Any CPU
		{E371CB9F-6EE9-4107-8922-0E98E1CA2C2D}.Release|Any CPU.ActiveCfg = Release|Any CPU
		{E371CB9F-6EE9-4107-8922-0E98E1CA2C2D}.Release|Any CPU.Build.0 = Release|Any CPU
		{15BD454A-EE2E-4F1D-8B89-62412B94F555}.Debug|Any CPU.ActiveCfg = Debug|Any CPU
		{15BD454A-EE2E-4F1D-8B89-62412B94F555}.Debug|Any CPU.Build.0 = Debug|Any CPU
		{15BD454A-EE2E-4F1D-8B89-62412B94F555}.Release|Any CPU.ActiveCfg = Release|Any CPU
		{15BD454A-EE2E-4F1D-8B89-62412B94F555}.Release|Any CPU.Build.0 = Release|Any CPU
		{1147E6AA-C1C5-4196-9005-0509BD4CAAEB}.Debug|Any CPU.ActiveCfg = Debug|Any CPU
		{1147E6AA-C1C5-4196-9005-0509BD4CAAEB}.Debug|Any CPU.Build.0 = Debug|Any CPU
		{1147E6AA-C1C5-4196-9005-0509BD4CAAEB}.Release|Any CPU.ActiveCfg = Release|Any CPU
		{1147E6AA-C1C5-4196-9005-0509BD4CAAEB}.Release|Any CPU.Build.0 = Release|Any CPU
		{9C99B922-AD63-4BFC-AF67-461FF252335E}.Debug|Any CPU.ActiveCfg = Debug|Any CPU
		{9C99B922-AD63-4BFC-AF67-461FF252335E}.Debug|Any CPU.Build.0 = Debug|Any CPU
		{9C99B922-AD63-4BFC-AF67-461FF252335E}.Release|Any CPU.ActiveCfg = Release|Any CPU
		{9C99B922-AD63-4BFC-AF67-461FF252335E}.Release|Any CPU.Build.0 = Release|Any CPU
		{F448B903-D502-41A7-BD3D-E3BDCFAEFEBA}.Debug|Any CPU.ActiveCfg = Debug|Any CPU
		{F448B903-D502-41A7-BD3D-E3BDCFAEFEBA}.Debug|Any CPU.Build.0 = Debug|Any CPU
		{F448B903-D502-41A7-BD3D-E3BDCFAEFEBA}.Release|Any CPU.ActiveCfg = Release|Any CPU
		{F448B903-D502-41A7-BD3D-E3BDCFAEFEBA}.Release|Any CPU.Build.0 = Release|Any CPU
		{366A81C3-F869-4A45-8733-D70A3262D5E7}.Debug|Any CPU.ActiveCfg = Debug|Any CPU
		{366A81C3-F869-4A45-8733-D70A3262D5E7}.Debug|Any CPU.Build.0 = Debug|Any CPU
		{366A81C3-F869-4A45-8733-D70A3262D5E7}.Release|Any CPU.ActiveCfg = Release|Any CPU
		{366A81C3-F869-4A45-8733-D70A3262D5E7}.Release|Any CPU.Build.0 = Release|Any CPU
		{A86158E4-7149-4D46-8239-6C09394A133B}.Debug|Any CPU.ActiveCfg = Debug|Any CPU
		{A86158E4-7149-4D46-8239-6C09394A133B}.Debug|Any CPU.Build.0 = Debug|Any CPU
		{A86158E4-7149-4D46-8239-6C09394A133B}.Release|Any CPU.ActiveCfg = Release|Any CPU
		{A86158E4-7149-4D46-8239-6C09394A133B}.Release|Any CPU.Build.0 = Release|Any CPU
		{4FE3FFC0-C4FC-4617-A1EA-CDFAA68DC6CC}.Debug|Any CPU.ActiveCfg = Debug|Any CPU
		{4FE3FFC0-C4FC-4617-A1EA-CDFAA68DC6CC}.Debug|Any CPU.Build.0 = Debug|Any CPU
		{4FE3FFC0-C4FC-4617-A1EA-CDFAA68DC6CC}.Release|Any CPU.ActiveCfg = Release|Any CPU
		{4FE3FFC0-C4FC-4617-A1EA-CDFAA68DC6CC}.Release|Any CPU.Build.0 = Release|Any CPU
		{4DC1C1EE-5A13-467F-BB4F-C1ADC1898F73}.Debug|Any CPU.ActiveCfg = Debug|Any CPU
		{4DC1C1EE-5A13-467F-BB4F-C1ADC1898F73}.Debug|Any CPU.Build.0 = Debug|Any CPU
		{4DC1C1EE-5A13-467F-BB4F-C1ADC1898F73}.Release|Any CPU.ActiveCfg = Release|Any CPU
		{4DC1C1EE-5A13-467F-BB4F-C1ADC1898F73}.Release|Any CPU.Build.0 = Release|Any CPU
		{A85C23EC-7CFD-4DBA-835D-16D9239F2F5F}.Debug|Any CPU.ActiveCfg = Debug|Any CPU
		{A85C23EC-7CFD-4DBA-835D-16D9239F2F5F}.Debug|Any CPU.Build.0 = Debug|Any CPU
		{A85C23EC-7CFD-4DBA-835D-16D9239F2F5F}.Release|Any CPU.ActiveCfg = Release|Any CPU
		{A85C23EC-7CFD-4DBA-835D-16D9239F2F5F}.Release|Any CPU.Build.0 = Release|Any CPU
		{77BB6E09-65DD-4F32-B60E-DE37F24BFA47}.Debug|Any CPU.ActiveCfg = Debug|Any CPU
		{77BB6E09-65DD-4F32-B60E-DE37F24BFA47}.Debug|Any CPU.Build.0 = Debug|Any CPU
		{77BB6E09-65DD-4F32-B60E-DE37F24BFA47}.Release|Any CPU.ActiveCfg = Release|Any CPU
		{77BB6E09-65DD-4F32-B60E-DE37F24BFA47}.Release|Any CPU.Build.0 = Release|Any CPU
		{EA6C60DD-4377-46C9-A41F-214D1F584A4F}.Debug|Any CPU.ActiveCfg = Debug|Any CPU
		{EA6C60DD-4377-46C9-A41F-214D1F584A4F}.Debug|Any CPU.Build.0 = Debug|Any CPU
		{EA6C60DD-4377-46C9-A41F-214D1F584A4F}.Release|Any CPU.ActiveCfg = Release|Any CPU
		{EA6C60DD-4377-46C9-A41F-214D1F584A4F}.Release|Any CPU.Build.0 = Release|Any CPU
		{8F7781FC-585C-4C94-BB8E-A338AF96B81F}.Debug|Any CPU.ActiveCfg = Debug|Any CPU
		{8F7781FC-585C-4C94-BB8E-A338AF96B81F}.Debug|Any CPU.Build.0 = Debug|Any CPU
		{8F7781FC-585C-4C94-BB8E-A338AF96B81F}.Release|Any CPU.ActiveCfg = Release|Any CPU
		{8F7781FC-585C-4C94-BB8E-A338AF96B81F}.Release|Any CPU.Build.0 = Release|Any CPU
	EndGlobalSection
	GlobalSection(SolutionProperties) = preSolution
		HideSolutionNode = FALSE
	EndGlobalSection
	GlobalSection(ExtensibilityGlobals) = postSolution
		SolutionGuid = {AC5EC381-3B74-4979-9FB9-96EAD73E548F}
	EndGlobalSection
EndGlobal
