
Microsoft Visual Studio Solution File, Format Version 12.00
# Visual Studio Version 16
VisualStudioVersion = 16.0.31005.135
MinimumVisualStudioVersion = 10.0.40219.1
Project("{FAE04EC0-301F-11D3-BF4B-00C04F79EFBC}") = "001_HelloWorld", "001_HelloWorld\001_HelloWorld.csproj", "{457726A6-4AD0-4F65-8B1E-AE18B6116668}"
EndProject
Project("{FAE04EC0-301F-11D3-BF4B-00C04F79EFBC}") = "002_HelloWorld2", "002_HelloWorld2\002_HelloWorld2.csproj", "{4B6F44C8-1596-481F-A334-A31D49EFE841}"
EndProject
Project("{FAE04EC0-301F-11D3-BF4B-00C04F79EFBC}") = "003_HelloWorld3", "0033_HelloWorld3\003_HelloWorld3.csproj", "{73AC5075-FD00-49C0-A01B-009CD55BE80D}"
EndProject
Project("{FAE04EC0-301F-11D3-BF4B-00C04F79EFBC}") = "004_Check", "004_Check\004_Check.csproj", "{1F5985ED-06D7-42CA-8E7B-457F6397BB29}"
EndProject
Project("{FAE04EC0-301F-11D3-BF4B-00C04F79EFBC}") = "005_Check", "005_Check\005_Check.csproj", "{782328D9-F91E-4675-8CD5-685F8BEFBD3C}"
EndProject
Global
	GlobalSection(SolutionConfigurationPlatforms) = preSolution
		Debug|Any CPU = Debug|Any CPU
		Release|Any CPU = Release|Any CPU
	EndGlobalSection
	GlobalSection(ProjectConfigurationPlatforms) = postSolution
		{457726A6-4AD0-4F65-8B1E-AE18B6116668}.Debug|Any CPU.ActiveCfg = Debug|Any CPU
		{457726A6-4AD0-4F65-8B1E-AE18B6116668}.Debug|Any CPU.Build.0 = Debug|Any CPU
		{457726A6-4AD0-4F65-8B1E-AE18B6116668}.Release|Any CPU.ActiveCfg = Release|Any CPU
		{457726A6-4AD0-4F65-8B1E-AE18B6116668}.Release|Any CPU.Build.0 = Release|Any CPU
		{4B6F44C8-1596-481F-A334-A31D49EFE841}.Debug|Any CPU.ActiveCfg = Debug|Any CPU
		{4B6F44C8-1596-481F-A334-A31D49EFE841}.Debug|Any CPU.Build.0 = Debug|Any CPU
		{4B6F44C8-1596-481F-A334-A31D49EFE841}.Release|Any CPU.ActiveCfg = Release|Any CPU
		{4B6F44C8-1596-481F-A334-A31D49EFE841}.Release|Any CPU.Build.0 = Release|Any CPU
		{73AC5075-FD00-49C0-A01B-009CD55BE80D}.Debug|Any CPU.ActiveCfg = Debug|Any CPU
		{73AC5075-FD00-49C0-A01B-009CD55BE80D}.Debug|Any CPU.Build.0 = Debug|Any CPU
		{73AC5075-FD00-49C0-A01B-009CD55BE80D}.Release|Any CPU.ActiveCfg = Release|Any CPU
		{73AC5075-FD00-49C0-A01B-009CD55BE80D}.Release|Any CPU.Build.0 = Release|Any CPU
		{1F5985ED-06D7-42CA-8E7B-457F6397BB29}.Debug|Any CPU.ActiveCfg = Debug|Any CPU
		{1F5985ED-06D7-42CA-8E7B-457F6397BB29}.Debug|Any CPU.Build.0 = Debug|Any CPU
		{1F5985ED-06D7-42CA-8E7B-457F6397BB29}.Release|Any CPU.ActiveCfg = Release|Any CPU
		{1F5985ED-06D7-42CA-8E7B-457F6397BB29}.Release|Any CPU.Build.0 = Release|Any CPU
		{782328D9-F91E-4675-8CD5-685F8BEFBD3C}.Debug|Any CPU.ActiveCfg = Debug|Any CPU
		{782328D9-F91E-4675-8CD5-685F8BEFBD3C}.Debug|Any CPU.Build.0 = Debug|Any CPU
		{782328D9-F91E-4675-8CD5-685F8BEFBD3C}.Release|Any CPU.ActiveCfg = Release|Any CPU
		{782328D9-F91E-4675-8CD5-685F8BEFBD3C}.Release|Any CPU.Build.0 = Release|Any CPU
	EndGlobalSection
	GlobalSection(SolutionProperties) = preSolution
		HideSolutionNode = FALSE
	EndGlobalSection
	GlobalSection(ExtensibilityGlobals) = postSolution
		SolutionGuid = {AC5EC381-3B74-4979-9FB9-96EAD73E548F}
	EndGlobalSection
EndGlobal
