
Microsoft Visual Studio Solution File, Format Version 12.00
# Visual Studio Version 16
VisualStudioVersion = 16.0.31005.135
MinimumVisualStudioVersion = 10.0.40219.1
Project("{FAE04EC0-301F-11D3-BF4B-00C04F79EFBC}") = "001_HelloWorld", "001_HelloWorld\001_HelloWorld.csproj", "{457726A6-4AD0-4F65-8B1E-AE18B6116668}"
EndProject
Project("{FAE04EC0-301F-11D3-BF4B-00C04F79EFBC}") = "002_HelloWorld2", "002_HelloWorld2\002_HelloWorld2.csproj", "{4B6F44C8-1596-481F-A334-A31D49EFE841}"
EndProject
Project("{FAE04EC0-301F-11D3-BF4B-00C04F79EFBC}") = "003_HelloWorld3", "0033_HelloWorld3\003_HelloWorld3.csproj", "{73AC5075-FD00-49C0-A01B-009CD55BE80D}"
EndProject
Project("{FAE04EC0-301F-11D3-BF4B-00C04F79EFBC}") = "004_Check", "004_Check\004_Check.csproj", "{1F5985ED-06D7-42CA-8E7B-457F6397BB29}"
EndProject
Project("{FAE04EC0-301F-11D3-BF4B-00C04F79EFBC}") = "005_Check", "005_Check\005_Check.csproj", "{782328D9-F91E-4675-8CD5-685F8BEFBD3C}"
EndProject
Project("{FAE04EC0-301F-11D3-BF4B-00C04F79EFBC}") = "006_Variable", "006_Variable\006_Variable.csproj", "{F2CD68B0-2E6C-4DBF-878E-F044825A9AF1}"
EndProject
Project("{FAE04EC0-301F-11D3-BF4B-00C04F79EFBC}") = "007_Variable", "007_Variable\007_Variable.csproj", "{824DF440-BD58-4B02-A9AA-287CC70D8621}"
EndProject
Project("{FAE04EC0-301F-11D3-BF4B-00C04F79EFBC}") = "008_Data1", "008_Data1\008_Data1.csproj", "{AD29B23C-E832-4A76-B2F0-97CFE4EB4E8B}"
EndProject
Project("{FAE04EC0-301F-11D3-BF4B-00C04F79EFBC}") = "009_Data2", "009_Data2\009_Data2.csproj", "{5B80ABD2-FEE7-4AD0-80E2-99FF823A8AE2}"
EndProject
Project("{FAE04EC0-301F-11D3-BF4B-00C04F79EFBC}") = "010_Data3", "010_Data3\010_Data3.csproj", "{B7A08ABF-FA5F-4D31-A726-2343A906D5CD}"
EndProject
Project("{FAE04EC0-301F-11D3-BF4B-00C04F79EFBC}") = "011_Data4", "011_Data4\011_Data4.csproj", "{DF00D98A-4C3C-4DF3-8784-57A6FAB0EB4E}"
EndProject
Project("{FAE04EC0-301F-11D3-BF4B-00C04F79EFBC}") = "012_Data5", "012_Data5\012_Data5.csproj", "{0C905E9A-5E52-4633-B07C-7DDE8CD2368A}"
EndProject
Project("{FAE04EC0-301F-11D3-BF4B-00C04F79EFBC}") = "013_Data6", "013_Data6\013_Data6.csproj", "{46F2DC69-82B8-409E-BCEF-2EE58BA8A154}"
EndProject
Project("{FAE04EC0-301F-11D3-BF4B-00C04F79EFBC}") = "014_Data7", "014_Data7\014_Data7.csproj", "{4A579E7C-569D-4931-BE38-B79964805873}"
EndProject
Project("{FAE04EC0-301F-11D3-BF4B-00C04F79EFBC}") = "015_Data8", "015_Data8\015_Data8.csproj", "{A40E5890-2F01-41C8-A7EB-23A5057C498A}"
EndProject
Project("{FAE04EC0-301F-11D3-BF4B-00C04F79EFBC}") = "016_String", "016_String\016_String.csproj", "{08ED1458-81BB-42E5-BD17-587E15A30328}"
EndProject
Project("{FAE04EC0-301F-11D3-BF4B-00C04F79EFBC}") = "017_Data_bool", "017_Data_bool\017_Data_bool.csproj", "{BBF41299-1953-45F9-9DDC-2214E1B1B6AC}"
EndProject
Project("{FAE04EC0-301F-11D3-BF4B-00C04F79EFBC}") = "018_Data_object", "018_Data_object\018_Data_object.csproj", "{90BDFDFD-1F60-4EF9-BF8F-4913AA9DEA10}"
EndProject
Project("{FAE04EC0-301F-11D3-BF4B-00C04F79EFBC}") = "019_Data_enum", "019_Data_enum\019_Data_enum.csproj", "{75E2B2D8-3C69-44C0-BB91-E24AA494D56D}"
EndProject
Project("{FAE04EC0-301F-11D3-BF4B-00C04F79EFBC}") = "020_Data_enum2", "020_Data_enum2\020_Data_enum2.csproj", "{4D414520-BAE2-4A08-8EF5-CF423F725560}"
EndProject
Project("{FAE04EC0-301F-11D3-BF4B-00C04F79EFBC}") = "021_Data_nullable", "021_Data_nullable\021_Data_nullable.csproj", "{15EF7C36-9206-4570-80E1-BA66784EA39D}"
EndProject
Project("{FAE04EC0-301F-11D3-BF4B-00C04F79EFBC}") = "022_Data_var", "022_Data_var\022_Data_var.csproj", "{582F171E-76C7-4F25-BA8D-A526F1CF5A27}"
EndProject
Project("{FAE04EC0-301F-11D3-BF4B-00C04F79EFBC}") = "023_Data_const", "023_Data_const\023_Data_const.csproj", "{29D63F70-10DA-4014-8795-73676A1FBA8E}"
EndProject
Project("{FAE04EC0-301F-11D3-BF4B-00C04F79EFBC}") = "024_Data_cast", "024_Data_cast\024_Data_cast.csproj", "{48697A45-3DB4-4D77-AA7F-0E6245FFAD3C}"
EndProject
Project("{FAE04EC0-301F-11D3-BF4B-00C04F79EFBC}") = "025_Data_ToString", "025_Data_ToString\025_Data_ToString.csproj", "{A05748D6-CFE1-49FA-8214-0EB052D3E474}"
EndProject
Project("{FAE04EC0-301F-11D3-BF4B-00C04F79EFBC}") = "026_Data_Parse", "026_Data_Parse\026_Data_Parse.csproj", "{3097E91E-8CDC-4FBD-83B0-63BE7BA3F941}"
EndProject
Project("{FAE04EC0-301F-11D3-BF4B-00C04F79EFBC}") = "027_Data_Convert", "027_Data_Convert\027_Data_Convert.csproj", "{689FE5F3-AC81-40A6-9D39-2AC949407C9B}"
EndProject
Project("{FAE04EC0-301F-11D3-BF4B-00C04F79EFBC}") = "028_Data_reference", "028_Data_reference\028_Data_reference.csproj", "{32D1ABE7-4591-4B5D-B141-7B59CCB12938}"
EndProject
Project("{FAE04EC0-301F-11D3-BF4B-00C04F79EFBC}") = "029_Data_boxing", "029_Data_boxing\029_Data_boxing.csproj", "{2FB5465E-A506-40D7-9E23-CDD3EFC0A3DD}"
EndProject
Project("{FAE04EC0-301F-11D3-BF4B-00C04F79EFBC}") = "030_ReadLine", "030_ReadLine\030_ReadLine.csproj", "{3F29E047-0473-4993-805F-33B7103DA028}"
EndProject
Project("{FAE04EC0-301F-11D3-BF4B-00C04F79EFBC}") = "031_ReadLine2", "031_ReadLine2\031_ReadLine2.csproj", "{34EA1838-464C-4F8B-89AA-C5BD49637329}"
EndProject
Project("{FAE04EC0-301F-11D3-BF4B-00C04F79EFBC}") = "032_Check", "032_Check\032_Check.csproj", "{D80BDB1C-C3B0-40AC-989A-B03281ADC2D7}"
EndProject
Project("{FAE04EC0-301F-11D3-BF4B-00C04F79EFBC}") = "033_Check", "033_Check\033_Check.csproj", "{2522C956-AD5C-403A-BC7E-FCC2CC4819B9}"
EndProject
Global
	GlobalSection(SolutionConfigurationPlatforms) = preSolution
		Debug|Any CPU = Debug|Any CPU
		Release|Any CPU = Release|Any CPU
	EndGlobalSection
	GlobalSection(ProjectConfigurationPlatforms) = postSolution
		{457726A6-4AD0-4F65-8B1E-AE18B6116668}.Debug|Any CPU.ActiveCfg = Debug|Any CPU
		{457726A6-4AD0-4F65-8B1E-AE18B6116668}.Debug|Any CPU.Build.0 = Debug|Any CPU
		{457726A6-4AD0-4F65-8B1E-AE18B6116668}.Release|Any CPU.ActiveCfg = Release|Any CPU
		{457726A6-4AD0-4F65-8B1E-AE18B6116668}.Release|Any CPU.Build.0 = Release|Any CPU
		{4B6F44C8-1596-481F-A334-A31D49EFE841}.Debug|Any CPU.ActiveCfg = Debug|Any CPU
		{4B6F44C8-1596-481F-A334-A31D49EFE841}.Debug|Any CPU.Build.0 = Debug|Any CPU
		{4B6F44C8-1596-481F-A334-A31D49EFE841}.Release|Any CPU.ActiveCfg = Release|Any CPU
		{4B6F44C8-1596-481F-A334-A31D49EFE841}.Release|Any CPU.Build.0 = Release|Any CPU
		{73AC5075-FD00-49C0-A01B-009CD55BE80D}.Debug|Any CPU.ActiveCfg = Debug|Any CPU
		{73AC5075-FD00-49C0-A01B-009CD55BE80D}.Debug|Any CPU.Build.0 = Debug|Any CPU
		{73AC5075-FD00-49C0-A01B-009CD55BE80D}.Release|Any CPU.ActiveCfg = Release|Any CPU
		{73AC5075-FD00-49C0-A01B-009CD55BE80D}.Release|Any CPU.Build.0 = Release|Any CPU
		{1F5985ED-06D7-42CA-8E7B-457F6397BB29}.Debug|Any CPU.ActiveCfg = Debug|Any CPU
		{1F5985ED-06D7-42CA-8E7B-457F6397BB29}.Debug|Any CPU.Build.0 = Debug|Any CPU
		{1F5985ED-06D7-42CA-8E7B-457F6397BB29}.Release|Any CPU.ActiveCfg = Release|Any CPU
		{1F5985ED-06D7-42CA-8E7B-457F6397BB29}.Release|Any CPU.Build.0 = Release|Any CPU
		{782328D9-F91E-4675-8CD5-685F8BEFBD3C}.Debug|Any CPU.ActiveCfg = Debug|Any CPU
		{782328D9-F91E-4675-8CD5-685F8BEFBD3C}.Debug|Any CPU.Build.0 = Debug|Any CPU
		{782328D9-F91E-4675-8CD5-685F8BEFBD3C}.Release|Any CPU.ActiveCfg = Release|Any CPU
		{782328D9-F91E-4675-8CD5-685F8BEFBD3C}.Release|Any CPU.Build.0 = Release|Any CPU
		{F2CD68B0-2E6C-4DBF-878E-F044825A9AF1}.Debug|Any CPU.ActiveCfg = Debug|Any CPU
		{F2CD68B0-2E6C-4DBF-878E-F044825A9AF1}.Debug|Any CPU.Build.0 = Debug|Any CPU
		{F2CD68B0-2E6C-4DBF-878E-F044825A9AF1}.Release|Any CPU.ActiveCfg = Release|Any CPU
		{F2CD68B0-2E6C-4DBF-878E-F044825A9AF1}.Release|Any CPU.Build.0 = Release|Any CPU
		{824DF440-BD58-4B02-A9AA-287CC70D8621}.Debug|Any CPU.ActiveCfg = Debug|Any CPU
		{824DF440-BD58-4B02-A9AA-287CC70D8621}.Debug|Any CPU.Build.0 = Debug|Any CPU
		{824DF440-BD58-4B02-A9AA-287CC70D8621}.Release|Any CPU.ActiveCfg = Release|Any CPU
		{824DF440-BD58-4B02-A9AA-287CC70D8621}.Release|Any CPU.Build.0 = Release|Any CPU
		{AD29B23C-E832-4A76-B2F0-97CFE4EB4E8B}.Debug|Any CPU.ActiveCfg = Debug|Any CPU
		{AD29B23C-E832-4A76-B2F0-97CFE4EB4E8B}.Debug|Any CPU.Build.0 = Debug|Any CPU
		{AD29B23C-E832-4A76-B2F0-97CFE4EB4E8B}.Release|Any CPU.ActiveCfg = Release|Any CPU
		{AD29B23C-E832-4A76-B2F0-97CFE4EB4E8B}.Release|Any CPU.Build.0 = Release|Any CPU
		{5B80ABD2-FEE7-4AD0-80E2-99FF823A8AE2}.Debug|Any CPU.ActiveCfg = Debug|Any CPU
		{5B80ABD2-FEE7-4AD0-80E2-99FF823A8AE2}.Debug|Any CPU.Build.0 = Debug|Any CPU
		{5B80ABD2-FEE7-4AD0-80E2-99FF823A8AE2}.Release|Any CPU.ActiveCfg = Release|Any CPU
		{5B80ABD2-FEE7-4AD0-80E2-99FF823A8AE2}.Release|Any CPU.Build.0 = Release|Any CPU
		{B7A08ABF-FA5F-4D31-A726-2343A906D5CD}.Debug|Any CPU.ActiveCfg = Debug|Any CPU
		{B7A08ABF-FA5F-4D31-A726-2343A906D5CD}.Debug|Any CPU.Build.0 = Debug|Any CPU
		{B7A08ABF-FA5F-4D31-A726-2343A906D5CD}.Release|Any CPU.ActiveCfg = Release|Any CPU
		{B7A08ABF-FA5F-4D31-A726-2343A906D5CD}.Release|Any CPU.Build.0 = Release|Any CPU
		{DF00D98A-4C3C-4DF3-8784-57A6FAB0EB4E}.Debug|Any CPU.ActiveCfg = Debug|Any CPU
		{DF00D98A-4C3C-4DF3-8784-57A6FAB0EB4E}.Debug|Any CPU.Build.0 = Debug|Any CPU
		{DF00D98A-4C3C-4DF3-8784-57A6FAB0EB4E}.Release|Any CPU.ActiveCfg = Release|Any CPU
		{DF00D98A-4C3C-4DF3-8784-57A6FAB0EB4E}.Release|Any CPU.Build.0 = Release|Any CPU
		{0C905E9A-5E52-4633-B07C-7DDE8CD2368A}.Debug|Any CPU.ActiveCfg = Debug|Any CPU
		{0C905E9A-5E52-4633-B07C-7DDE8CD2368A}.Debug|Any CPU.Build.0 = Debug|Any CPU
		{0C905E9A-5E52-4633-B07C-7DDE8CD2368A}.Release|Any CPU.ActiveCfg = Release|Any CPU
		{0C905E9A-5E52-4633-B07C-7DDE8CD2368A}.Release|Any CPU.Build.0 = Release|Any CPU
		{46F2DC69-82B8-409E-BCEF-2EE58BA8A154}.Debug|Any CPU.ActiveCfg = Debug|Any CPU
		{46F2DC69-82B8-409E-BCEF-2EE58BA8A154}.Debug|Any CPU.Build.0 = Debug|Any CPU
		{46F2DC69-82B8-409E-BCEF-2EE58BA8A154}.Release|Any CPU.ActiveCfg = Release|Any CPU
		{46F2DC69-82B8-409E-BCEF-2EE58BA8A154}.Release|Any CPU.Build.0 = Release|Any CPU
		{4A579E7C-569D-4931-BE38-B79964805873}.Debug|Any CPU.ActiveCfg = Debug|Any CPU
		{4A579E7C-569D-4931-BE38-B79964805873}.Debug|Any CPU.Build.0 = Debug|Any CPU
		{4A579E7C-569D-4931-BE38-B79964805873}.Release|Any CPU.ActiveCfg = Release|Any CPU
		{4A579E7C-569D-4931-BE38-B79964805873}.Release|Any CPU.Build.0 = Release|Any CPU
		{A40E5890-2F01-41C8-A7EB-23A5057C498A}.Debug|Any CPU.ActiveCfg = Debug|Any CPU
		{A40E5890-2F01-41C8-A7EB-23A5057C498A}.Debug|Any CPU.Build.0 = Debug|Any CPU
		{A40E5890-2F01-41C8-A7EB-23A5057C498A}.Release|Any CPU.ActiveCfg = Release|Any CPU
		{A40E5890-2F01-41C8-A7EB-23A5057C498A}.Release|Any CPU.Build.0 = Release|Any CPU
		{08ED1458-81BB-42E5-BD17-587E15A30328}.Debug|Any CPU.ActiveCfg = Debug|Any CPU
		{08ED1458-81BB-42E5-BD17-587E15A30328}.Debug|Any CPU.Build.0 = Debug|Any CPU
		{08ED1458-81BB-42E5-BD17-587E15A30328}.Release|Any CPU.ActiveCfg = Release|Any CPU
		{08ED1458-81BB-42E5-BD17-587E15A30328}.Release|Any CPU.Build.0 = Release|Any CPU
		{BBF41299-1953-45F9-9DDC-2214E1B1B6AC}.Debug|Any CPU.ActiveCfg = Debug|Any CPU
		{BBF41299-1953-45F9-9DDC-2214E1B1B6AC}.Debug|Any CPU.Build.0 = Debug|Any CPU
		{BBF41299-1953-45F9-9DDC-2214E1B1B6AC}.Release|Any CPU.ActiveCfg = Release|Any CPU
		{BBF41299-1953-45F9-9DDC-2214E1B1B6AC}.Release|Any CPU.Build.0 = Release|Any CPU
		{90BDFDFD-1F60-4EF9-BF8F-4913AA9DEA10}.Debug|Any CPU.ActiveCfg = Debug|Any CPU
		{90BDFDFD-1F60-4EF9-BF8F-4913AA9DEA10}.Debug|Any CPU.Build.0 = Debug|Any CPU
		{90BDFDFD-1F60-4EF9-BF8F-4913AA9DEA10}.Release|Any CPU.ActiveCfg = Release|Any CPU
		{90BDFDFD-1F60-4EF9-BF8F-4913AA9DEA10}.Release|Any CPU.Build.0 = Release|Any CPU
		{75E2B2D8-3C69-44C0-BB91-E24AA494D56D}.Debug|Any CPU.ActiveCfg = Debug|Any CPU
		{75E2B2D8-3C69-44C0-BB91-E24AA494D56D}.Debug|Any CPU.Build.0 = Debug|Any CPU
		{75E2B2D8-3C69-44C0-BB91-E24AA494D56D}.Release|Any CPU.ActiveCfg = Release|Any CPU
		{75E2B2D8-3C69-44C0-BB91-E24AA494D56D}.Release|Any CPU.Build.0 = Release|Any CPU
		{4D414520-BAE2-4A08-8EF5-CF423F725560}.Debug|Any CPU.ActiveCfg = Debug|Any CPU
		{4D414520-BAE2-4A08-8EF5-CF423F725560}.Debug|Any CPU.Build.0 = Debug|Any CPU
		{4D414520-BAE2-4A08-8EF5-CF423F725560}.Release|Any CPU.ActiveCfg = Release|Any CPU
		{4D414520-BAE2-4A08-8EF5-CF423F725560}.Release|Any CPU.Build.0 = Release|Any CPU
		{15EF7C36-9206-4570-80E1-BA66784EA39D}.Debug|Any CPU.ActiveCfg = Debug|Any CPU
		{15EF7C36-9206-4570-80E1-BA66784EA39D}.Debug|Any CPU.Build.0 = Debug|Any CPU
		{15EF7C36-9206-4570-80E1-BA66784EA39D}.Release|Any CPU.ActiveCfg = Release|Any CPU
		{15EF7C36-9206-4570-80E1-BA66784EA39D}.Release|Any CPU.Build.0 = Release|Any CPU
		{582F171E-76C7-4F25-BA8D-A526F1CF5A27}.Debug|Any CPU.ActiveCfg = Debug|Any CPU
		{582F171E-76C7-4F25-BA8D-A526F1CF5A27}.Debug|Any CPU.Build.0 = Debug|Any CPU
		{582F171E-76C7-4F25-BA8D-A526F1CF5A27}.Release|Any CPU.ActiveCfg = Release|Any CPU
		{582F171E-76C7-4F25-BA8D-A526F1CF5A27}.Release|Any CPU.Build.0 = Release|Any CPU
		{29D63F70-10DA-4014-8795-73676A1FBA8E}.Debug|Any CPU.ActiveCfg = Debug|Any CPU
		{29D63F70-10DA-4014-8795-73676A1FBA8E}.Debug|Any CPU.Build.0 = Debug|Any CPU
		{29D63F70-10DA-4014-8795-73676A1FBA8E}.Release|Any CPU.ActiveCfg = Release|Any CPU
		{29D63F70-10DA-4014-8795-73676A1FBA8E}.Release|Any CPU.Build.0 = Release|Any CPU
		{48697A45-3DB4-4D77-AA7F-0E6245FFAD3C}.Debug|Any CPU.ActiveCfg = Debug|Any CPU
		{48697A45-3DB4-4D77-AA7F-0E6245FFAD3C}.Debug|Any CPU.Build.0 = Debug|Any CPU
		{48697A45-3DB4-4D77-AA7F-0E6245FFAD3C}.Release|Any CPU.ActiveCfg = Release|Any CPU
		{48697A45-3DB4-4D77-AA7F-0E6245FFAD3C}.Release|Any CPU.Build.0 = Release|Any CPU
		{A05748D6-CFE1-49FA-8214-0EB052D3E474}.Debug|Any CPU.ActiveCfg = Debug|Any CPU
		{A05748D6-CFE1-49FA-8214-0EB052D3E474}.Debug|Any CPU.Build.0 = Debug|Any CPU
		{A05748D6-CFE1-49FA-8214-0EB052D3E474}.Release|Any CPU.ActiveCfg = Release|Any CPU
		{A05748D6-CFE1-49FA-8214-0EB052D3E474}.Release|Any CPU.Build.0 = Release|Any CPU
		{3097E91E-8CDC-4FBD-83B0-63BE7BA3F941}.Debug|Any CPU.ActiveCfg = Debug|Any CPU
		{3097E91E-8CDC-4FBD-83B0-63BE7BA3F941}.Debug|Any CPU.Build.0 = Debug|Any CPU
		{3097E91E-8CDC-4FBD-83B0-63BE7BA3F941}.Release|Any CPU.ActiveCfg = Release|Any CPU
		{3097E91E-8CDC-4FBD-83B0-63BE7BA3F941}.Release|Any CPU.Build.0 = Release|Any CPU
		{689FE5F3-AC81-40A6-9D39-2AC949407C9B}.Debug|Any CPU.ActiveCfg = Debug|Any CPU
		{689FE5F3-AC81-40A6-9D39-2AC949407C9B}.Debug|Any CPU.Build.0 = Debug|Any CPU
		{689FE5F3-AC81-40A6-9D39-2AC949407C9B}.Release|Any CPU.ActiveCfg = Release|Any CPU
		{689FE5F3-AC81-40A6-9D39-2AC949407C9B}.Release|Any CPU.Build.0 = Release|Any CPU
		{32D1ABE7-4591-4B5D-B141-7B59CCB12938}.Debug|Any CPU.ActiveCfg = Debug|Any CPU
		{32D1ABE7-4591-4B5D-B141-7B59CCB12938}.Debug|Any CPU.Build.0 = Debug|Any CPU
		{32D1ABE7-4591-4B5D-B141-7B59CCB12938}.Release|Any CPU.ActiveCfg = Release|Any CPU
		{32D1ABE7-4591-4B5D-B141-7B59CCB12938}.Release|Any CPU.Build.0 = Release|Any CPU
		{2FB5465E-A506-40D7-9E23-CDD3EFC0A3DD}.Debug|Any CPU.ActiveCfg = Debug|Any CPU
		{2FB5465E-A506-40D7-9E23-CDD3EFC0A3DD}.Debug|Any CPU.Build.0 = Debug|Any CPU
		{2FB5465E-A506-40D7-9E23-CDD3EFC0A3DD}.Release|Any CPU.ActiveCfg = Release|Any CPU
		{2FB5465E-A506-40D7-9E23-CDD3EFC0A3DD}.Release|Any CPU.Build.0 = Release|Any CPU
		{3F29E047-0473-4993-805F-33B7103DA028}.Debug|Any CPU.ActiveCfg = Debug|Any CPU
		{3F29E047-0473-4993-805F-33B7103DA028}.Debug|Any CPU.Build.0 = Debug|Any CPU
		{3F29E047-0473-4993-805F-33B7103DA028}.Release|Any CPU.ActiveCfg = Release|Any CPU
		{3F29E047-0473-4993-805F-33B7103DA028}.Release|Any CPU.Build.0 = Release|Any CPU
		{34EA1838-464C-4F8B-89AA-C5BD49637329}.Debug|Any CPU.ActiveCfg = Debug|Any CPU
		{34EA1838-464C-4F8B-89AA-C5BD49637329}.Debug|Any CPU.Build.0 = Debug|Any CPU
		{34EA1838-464C-4F8B-89AA-C5BD49637329}.Release|Any CPU.ActiveCfg = Release|Any CPU
		{34EA1838-464C-4F8B-89AA-C5BD49637329}.Release|Any CPU.Build.0 = Release|Any CPU
		{D80BDB1C-C3B0-40AC-989A-B03281ADC2D7}.Debug|Any CPU.ActiveCfg = Debug|Any CPU
		{D80BDB1C-C3B0-40AC-989A-B03281ADC2D7}.Debug|Any CPU.Build.0 = Debug|Any CPU
		{D80BDB1C-C3B0-40AC-989A-B03281ADC2D7}.Release|Any CPU.ActiveCfg = Release|Any CPU
		{D80BDB1C-C3B0-40AC-989A-B03281ADC2D7}.Release|Any CPU.Build.0 = Release|Any CPU
		{2522C956-AD5C-403A-BC7E-FCC2CC4819B9}.Debug|Any CPU.ActiveCfg = Debug|Any CPU
		{2522C956-AD5C-403A-BC7E-FCC2CC4819B9}.Debug|Any CPU.Build.0 = Debug|Any CPU
		{2522C956-AD5C-403A-BC7E-FCC2CC4819B9}.Release|Any CPU.ActiveCfg = Release|Any CPU
		{2522C956-AD5C-403A-BC7E-FCC2CC4819B9}.Release|Any CPU.Build.0 = Release|Any CPU
	EndGlobalSection
	GlobalSection(SolutionProperties) = preSolution
		HideSolutionNode = FALSE
	EndGlobalSection
	GlobalSection(ExtensibilityGlobals) = postSolution
		SolutionGuid = {AC5EC381-3B74-4979-9FB9-96EAD73E548F}
	EndGlobalSection
EndGlobal
